
Microsoft Visual Studio Solution File, Format Version 12.00
# Visual Studio 15
VisualStudioVersion = 15.0.27004.2002
MinimumVisualStudioVersion = 10.0.40219.1
Project("{8BC9CEB8-8B4A-11D0-8D11-00A0C91BC942}") = "Lab05", "Lab05\Lab05.vcxproj", "{1A2AB5B7-732E-47A9-9A63-03E8A4DBE315}"
EndProject
Global
	GlobalSection(SolutionConfigurationPlatforms) = preSolution
		Debug|x64 = Debug|x64
		Debug|x86 = Debug|x86
		Release|x64 = Release|x64
		Release|x86 = Release|x86
	EndGlobalSection
	GlobalSection(ProjectConfigurationPlatforms) = postSolution
		{1A2AB5B7-732E-47A9-9A63-03E8A4DBE315}.Debug|x64.ActiveCfg = Debug|x64
		{1A2AB5B7-732E-47A9-9A63-03E8A4DBE315}.Debug|x64.Build.0 = Debug|x64
		{1A2AB5B7-732E-47A9-9A63-03E8A4DBE315}.Debug|x86.ActiveCfg = Debug|Win32
		{1A2AB5B7-732E-47A9-9A63-03E8A4DBE315}.Debug|x86.Build.0 = Debug|Win32
		{1A2AB5B7-732E-47A9-9A63-03E8A4DBE315}.Release|x64.ActiveCfg = Release|x64
		{1A2AB5B7-732E-47A9-9A63-03E8A4DBE315}.Release|x64.Build.0 = Release|x64
		{1A2AB5B7-732E-47A9-9A63-03E8A4DBE315}.Release|x86.ActiveCfg = Release|Win32
		{1A2AB5B7-732E-47A9-9A63-03E8A4DBE315}.Release|x86.Build.0 = Release|Win32
	EndGlobalSection
	GlobalSection(SolutionProperties) = preSolution
		HideSolutionNode = FALSE
	EndGlobalSection
	GlobalSection(ExtensibilityGlobals) = postSolution
		SolutionGuid = {75CE4FB7-BE65-44FB-9571-676F1402856B}
	EndGlobalSection
EndGlobal
